
Microsoft Visual Studio Solution File, Format Version 12.00
# Visual Studio Version 16
VisualStudioVersion = 16.0.30002.166
MinimumVisualStudioVersion = 10.0.40219.1
Project("{FAE04EC0-301F-11D3-BF4B-00C04F79EFBC}") = "SNPIDataManager", "SNPIDataManager\SNPIDataManager.csproj", "{B20D281E-AF9B-418A-9B45-08A952BC8D37}"
EndProject
Project("{FAE04EC0-301F-11D3-BF4B-00C04F79EFBC}") = "SNPIHelperLibrary", "SNPIHelperLibrary\SNPIHelperLibrary.csproj", "{AF0FE4FE-AB91-4B93-B156-6D7D3CD507BB}"
EndProject
Project("{FAE04EC0-301F-11D3-BF4B-00C04F79EFBC}") = "SNPIDataLibrary", "SNPIDataLibrary\SNPIDataLibrary.csproj", "{F3D9F76A-F417-4EA7-9976-1D4332CD4035}"
EndProject
Project("{00D1A9C2-B5F0-4AF3-8072-F6C62B433612}") = "SNPI_NopAccess_db", "SNPIdb\SNPI_NopAccess_db.sqlproj", "{842A56E2-F9BE-4386-ADD3-664C4D250D62}"
EndProject
Project("{2150E333-8FDC-42A3-9474-1A3956D46DE8}") = "Database", "Database", "{7593AED5-E5BD-4D51-B93B-72C9F82998C4}"
EndProject
Project("{2150E333-8FDC-42A3-9474-1A3956D46DE8}") = "WebApplication", "WebApplication", "{9C4D3BF8-104D-4B16-8DEA-F5609A4F3FDE}"
EndProject
Project("{00D1A9C2-B5F0-4AF3-8072-F6C62B433612}") = "SNPI_Mappings_db", "SNPI_Mappings_db\SNPI_Mappings_db.sqlproj", "{309BCA16-6A12-4625-B514-D8F1B5EB7CFD}"
EndProject
Project("{2150E333-8FDC-42A3-9474-1A3956D46DE8}") = "Solution Items", "Solution Items", "{7105976C-2AB5-42D5-938A-3505AFD6F908}"
	ProjectSection(SolutionItems) = preProject
		.editorconfig = .editorconfig
	EndProjectSection
EndProject
Project("{2150E333-8FDC-42A3-9474-1A3956D46DE8}") = "Core Application", "Core Application", "{A9B6C632-E5BD-4576-9F46-A749957A044C}"
EndProject
Project("{FAE04EC0-301F-11D3-BF4B-00C04F79EFBC}") = "InventoryManager", "InventoryManager\InventoryManager.csproj", "{B186FDDC-C64F-4E22-98CF-4FD1F3A740A5}"
EndProject
Project("{FAE04EC0-301F-11D3-BF4B-00C04F79EFBC}") = "DataLibrary", "DataLibrary\DataLibrary.csproj", "{820F87A4-98C6-4C60-930D-08D063D5F59E}"
EndProject
Global
	GlobalSection(SolutionConfigurationPlatforms) = preSolution
		Debug|Any CPU = Debug|Any CPU
		Release|Any CPU = Release|Any CPU
	EndGlobalSection
	GlobalSection(ProjectConfigurationPlatforms) = postSolution
		{B20D281E-AF9B-418A-9B45-08A952BC8D37}.Debug|Any CPU.ActiveCfg = Debug|Any CPU
		{B20D281E-AF9B-418A-9B45-08A952BC8D37}.Debug|Any CPU.Build.0 = Debug|Any CPU
		{B20D281E-AF9B-418A-9B45-08A952BC8D37}.Release|Any CPU.ActiveCfg = Release|Any CPU
		{B20D281E-AF9B-418A-9B45-08A952BC8D37}.Release|Any CPU.Build.0 = Release|Any CPU
		{AF0FE4FE-AB91-4B93-B156-6D7D3CD507BB}.Debug|Any CPU.ActiveCfg = Debug|Any CPU
		{AF0FE4FE-AB91-4B93-B156-6D7D3CD507BB}.Debug|Any CPU.Build.0 = Debug|Any CPU
		{AF0FE4FE-AB91-4B93-B156-6D7D3CD507BB}.Release|Any CPU.ActiveCfg = Release|Any CPU
		{AF0FE4FE-AB91-4B93-B156-6D7D3CD507BB}.Release|Any CPU.Build.0 = Release|Any CPU
		{F3D9F76A-F417-4EA7-9976-1D4332CD4035}.Debug|Any CPU.ActiveCfg = Debug|Any CPU
		{F3D9F76A-F417-4EA7-9976-1D4332CD4035}.Debug|Any CPU.Build.0 = Debug|Any CPU
		{F3D9F76A-F417-4EA7-9976-1D4332CD4035}.Release|Any CPU.ActiveCfg = Release|Any CPU
		{F3D9F76A-F417-4EA7-9976-1D4332CD4035}.Release|Any CPU.Build.0 = Release|Any CPU
		{842A56E2-F9BE-4386-ADD3-664C4D250D62}.Debug|Any CPU.ActiveCfg = Debug|Any CPU
		{842A56E2-F9BE-4386-ADD3-664C4D250D62}.Debug|Any CPU.Build.0 = Debug|Any CPU
		{842A56E2-F9BE-4386-ADD3-664C4D250D62}.Debug|Any CPU.Deploy.0 = Debug|Any CPU
		{842A56E2-F9BE-4386-ADD3-664C4D250D62}.Release|Any CPU.ActiveCfg = Release|Any CPU
		{842A56E2-F9BE-4386-ADD3-664C4D250D62}.Release|Any CPU.Build.0 = Release|Any CPU
		{842A56E2-F9BE-4386-ADD3-664C4D250D62}.Release|Any CPU.Deploy.0 = Release|Any CPU
		{309BCA16-6A12-4625-B514-D8F1B5EB7CFD}.Debug|Any CPU.ActiveCfg = Debug|Any CPU
		{309BCA16-6A12-4625-B514-D8F1B5EB7CFD}.Debug|Any CPU.Build.0 = Debug|Any CPU
		{309BCA16-6A12-4625-B514-D8F1B5EB7CFD}.Debug|Any CPU.Deploy.0 = Debug|Any CPU
		{309BCA16-6A12-4625-B514-D8F1B5EB7CFD}.Release|Any CPU.ActiveCfg = Release|Any CPU
		{309BCA16-6A12-4625-B514-D8F1B5EB7CFD}.Release|Any CPU.Build.0 = Release|Any CPU
		{309BCA16-6A12-4625-B514-D8F1B5EB7CFD}.Release|Any CPU.Deploy.0 = Release|Any CPU
		{B186FDDC-C64F-4E22-98CF-4FD1F3A740A5}.Debug|Any CPU.ActiveCfg = Debug|Any CPU
		{B186FDDC-C64F-4E22-98CF-4FD1F3A740A5}.Debug|Any CPU.Build.0 = Debug|Any CPU
		{B186FDDC-C64F-4E22-98CF-4FD1F3A740A5}.Release|Any CPU.ActiveCfg = Release|Any CPU
		{B186FDDC-C64F-4E22-98CF-4FD1F3A740A5}.Release|Any CPU.Build.0 = Release|Any CPU
		{820F87A4-98C6-4C60-930D-08D063D5F59E}.Debug|Any CPU.ActiveCfg = Debug|Any CPU
		{820F87A4-98C6-4C60-930D-08D063D5F59E}.Debug|Any CPU.Build.0 = Debug|Any CPU
		{820F87A4-98C6-4C60-930D-08D063D5F59E}.Release|Any CPU.ActiveCfg = Release|Any CPU
		{820F87A4-98C6-4C60-930D-08D063D5F59E}.Release|Any CPU.Build.0 = Release|Any CPU
	EndGlobalSection
	GlobalSection(SolutionProperties) = preSolution
		HideSolutionNode = FALSE
	EndGlobalSection
	GlobalSection(NestedProjects) = preSolution
		{B20D281E-AF9B-418A-9B45-08A952BC8D37} = {9C4D3BF8-104D-4B16-8DEA-F5609A4F3FDE}
		{AF0FE4FE-AB91-4B93-B156-6D7D3CD507BB} = {9C4D3BF8-104D-4B16-8DEA-F5609A4F3FDE}
		{F3D9F76A-F417-4EA7-9976-1D4332CD4035} = {7593AED5-E5BD-4D51-B93B-72C9F82998C4}
		{842A56E2-F9BE-4386-ADD3-664C4D250D62} = {7593AED5-E5BD-4D51-B93B-72C9F82998C4}
		{309BCA16-6A12-4625-B514-D8F1B5EB7CFD} = {7593AED5-E5BD-4D51-B93B-72C9F82998C4}
		{B186FDDC-C64F-4E22-98CF-4FD1F3A740A5} = {A9B6C632-E5BD-4576-9F46-A749957A044C}
		{820F87A4-98C6-4C60-930D-08D063D5F59E} = {A9B6C632-E5BD-4576-9F46-A749957A044C}
	EndGlobalSection
	GlobalSection(ExtensibilityGlobals) = postSolution
		SolutionGuid = {BC1DEA77-9886-4CF1-8F5E-2F7C9F58E3EC}
	EndGlobalSection
EndGlobal
