
Microsoft Visual Studio Solution File, Format Version 12.00
# Visual Studio Version 16
VisualStudioVersion = 16.0.30002.166
MinimumVisualStudioVersion = 10.0.40219.1
Project("{9A19103F-16F7-4668-BE54-9A1E7A4F7556}") = "InventoryManager", "InventoryManager\InventoryManager.csproj", "{B186FDDC-C64F-4E22-98CF-4FD1F3A740A5}"
EndProject
Project("{9A19103F-16F7-4668-BE54-9A1E7A4F7556}") = "DataLibrary", "DataLibrary\DataLibrary.csproj", "{820F87A4-98C6-4C60-930D-08D063D5F59E}"
EndProject
Global
	GlobalSection(SolutionConfigurationPlatforms) = preSolution
		Debug|Any CPU = Debug|Any CPU
		Release|Any CPU = Release|Any CPU
	EndGlobalSection
	GlobalSection(ProjectConfigurationPlatforms) = postSolution
		{B186FDDC-C64F-4E22-98CF-4FD1F3A740A5}.Debug|Any CPU.ActiveCfg = Debug|Any CPU
		{B186FDDC-C64F-4E22-98CF-4FD1F3A740A5}.Debug|Any CPU.Build.0 = Debug|Any CPU
		{B186FDDC-C64F-4E22-98CF-4FD1F3A740A5}.Release|Any CPU.ActiveCfg = Release|Any CPU
		{B186FDDC-C64F-4E22-98CF-4FD1F3A740A5}.Release|Any CPU.Build.0 = Release|Any CPU
		{820F87A4-98C6-4C60-930D-08D063D5F59E}.Debug|Any CPU.ActiveCfg = Debug|Any CPU
		{820F87A4-98C6-4C60-930D-08D063D5F59E}.Debug|Any CPU.Build.0 = Debug|Any CPU
		{820F87A4-98C6-4C60-930D-08D063D5F59E}.Release|Any CPU.ActiveCfg = Release|Any CPU
		{820F87A4-98C6-4C60-930D-08D063D5F59E}.Release|Any CPU.Build.0 = Release|Any CPU
	EndGlobalSection
	GlobalSection(SolutionProperties) = preSolution
		HideSolutionNode = FALSE
	EndGlobalSection
	GlobalSection(ExtensibilityGlobals) = postSolution
		SolutionGuid = {BC1DEA77-9886-4CF1-8F5E-2F7C9F58E3EC}
	EndGlobalSection
EndGlobal
